// !$*UTF8*$!
{
	archiveVersion = 1;
	classes = {
	};
	objectVersion = 46;
	objects = {

/* Begin PBXBuildFile section */
		6126CCE01E28591D000EA843 /* AppDelegate.swift in Sources */ = {isa = PBXBuildFile; fileRef = 6126CCDF1E28591D000EA843 /* AppDelegate.swift */; };
		6126CCE21E28591D000EA843 /* ViewController.swift in Sources */ = {isa = PBXBuildFile; fileRef = 6126CCE11E28591D000EA843 /* ViewController.swift */; };
		6126CCE51E28591D000EA843 /* Main.storyboard in Resources */ = {isa = PBXBuildFile; fileRef = 6126CCE31E28591D000EA843 /* Main.storyboard */; };
		6126CCEA1E28591D000EA843 /* LaunchScreen.storyboard in Resources */ = {isa = PBXBuildFile; fileRef = 6126CCE81E28591D000EA843 /* LaunchScreen.storyboard */; };
		6126CCF41E285DB0000EA843 /* iOS-Selfiegram-Images-master in Resources */ = {isa = PBXBuildFile; fileRef = 6126CCF31E285DB0000EA843 /* iOS-Selfiegram-Images-master */; };
		6126CCF81E2861B6000EA843 /* Assets.xcassets in Resources */ = {isa = PBXBuildFile; fileRef = 6126CCF71E2861B6000EA843 /* Assets.xcassets */; };
/* End PBXBuildFile section */

/* Begin PBXFileReference section */
		6126CCDC1E28591D000EA843 /* Selfiegram.app */ = {isa = PBXFileReference; explicitFileType = wrapper.application; includeInIndex = 0; path = Selfiegram.app; sourceTree = BUILT_PRODUCTS_DIR; };
		6126CCDF1E28591D000EA843 /* AppDelegate.swift */ = {isa = PBXFileReference; lastKnownFileType = sourcecode.swift; path = AppDelegate.swift; sourceTree = "<group>"; };
		6126CCE11E28591D000EA843 /* ViewController.swift */ = {isa = PBXFileReference; lastKnownFileType = sourcecode.swift; path = ViewController.swift; sourceTree = "<group>"; };
		6126CCE41E28591D000EA843 /* Base */ = {isa = PBXFileReference; lastKnownFileType = file.storyboard; name = Base; path = Base.lproj/Main.storyboard; sourceTree = "<group>"; };
		6126CCE91E28591D000EA843 /* Base */ = {isa = PBXFileReference; lastKnownFileType = file.storyboard; name = Base; path = Base.lproj/LaunchScreen.storyboard; sourceTree = "<group>"; };
		6126CCEB1E28591D000EA843 /* Info.plist */ = {isa = PBXFileReference; lastKnownFileType = text.plist.xml; path = Info.plist; sourceTree = "<group>"; };
		6126CCF31E285DB0000EA843 /* iOS-Selfiegram-Images-master */ = {isa = PBXFileReference; lastKnownFileType = folder; name = "iOS-Selfiegram-Images-master"; path = "../../../Downloads/iOS-Selfiegram-Images-master"; sourceTree = "<group>"; };
		6126CCF71E2861B6000EA843 /* Assets.xcassets */ = {isa = PBXFileReference; lastKnownFileType = folder.assetcatalog; path = Assets.xcassets; sourceTree = "<group>"; };
/* End PBXFileReference section */

/* Begin PBXFrameworksBuildPhase section */
		6126CCD91E28591D000EA843 /* Frameworks */ = {
			isa = PBXFrameworksBuildPhase;
			buildActionMask = 2147483647;
			files = (
			);
			runOnlyForDeploymentPostprocessing = 0;
		};
/* End PBXFrameworksBuildPhase section */

/* Begin PBXGroup section */
		6126CCD31E28591D000EA843 = {
			isa = PBXGroup;
			children = (
				6126CCDE1E28591D000EA843 /* Selfiegram */,
				6126CCDD1E28591D000EA843 /* Products */,
			);
			sourceTree = "<group>";
		};
		6126CCDD1E28591D000EA843 /* Products */ = {
			isa = PBXGroup;
			children = (
				6126CCDC1E28591D000EA843 /* Selfiegram.app */,
			);
			name = Products;
			sourceTree = "<group>";
		};
		6126CCDE1E28591D000EA843 /* Selfiegram */ = {
			isa = PBXGroup;
			children = (
				6126CCDF1E28591D000EA843 /* AppDelegate.swift */,
				6126CCE11E28591D000EA843 /* ViewController.swift */,
				6126CCE31E28591D000EA843 /* Main.storyboard */,
				6126CCF71E2861B6000EA843 /* Assets.xcassets */,
				6126CCF31E285DB0000EA843 /* iOS-Selfiegram-Images-master */,
				6126CCE81E28591D000EA843 /* LaunchScreen.storyboard */,
				6126CCEB1E28591D000EA843 /* Info.plist */,
			);
			path = Selfiegram;
			sourceTree = "<group>";
		};
/* End PBXGroup section */

/* Begin PBXNativeTarget section */
		6126CCDB1E28591D000EA843 /* Selfiegram */ = {
			isa = PBXNativeTarget;
			buildConfigurationList = 6126CCEE1E28591D000EA843 /* Build configuration list for PBXNativeTarget "Selfiegram" */;
			buildPhases = (
				6126CCD81E28591D000EA843 /* Sources */,
				6126CCD91E28591D000EA843 /* Frameworks */,
				6126CCDA1E28591D000EA843 /* Resources */,
			);
			buildRules = (
			);
			dependencies = (
			);
			name = Selfiegram;
			productName = Selfiegram;
			productReference = 6126CCDC1E28591D000EA843 /* Selfiegram.app */;
			productType = "com.apple.product-type.application";
		};
/* End PBXNativeTarget section */

/* Begin PBXProject section */
		6126CCD41E28591D000EA843 /* Project object */ = {
			isa = PBXProject;
			attributes = {
				LastSwiftUpdateCheck = 0820;
				LastUpgradeCheck = 0820;
				ORGANIZATIONNAME = "Ali Ogston";
				TargetAttributes = {
					6126CCDB1E28591D000EA843 = {
						CreatedOnToolsVersion = 8.2.1;
						ProvisioningStyle = Automatic;
					};
				};
			};
			buildConfigurationList = 6126CCD71E28591D000EA843 /* Build configuration list for PBXProject "Selfiegram" */;
			compatibilityVersion = "Xcode 3.2";
			developmentRegion = English;
			hasScannedForEncodings = 0;
			knownRegions = (
				en,
				Base,
			);
			mainGroup = 6126CCD31E28591D000EA843;
			productRefGroup = 6126CCDD1E28591D000EA843 /* Products */;
			projectDirPath = "";
			projectRoot = "";
			targets = (
				6126CCDB1E28591D000EA843 /* Selfiegram */,
			);
		};
/* End PBXProject section */

/* Begin PBXResourcesBuildPhase section */
		6126CCDA1E28591D000EA843 /* Resources */ = {
			isa = PBXResourcesBuildPhase;
			buildActionMask = 2147483647;
			files = (
				6126CCEA1E28591D000EA843 /* LaunchScreen.storyboard in Resources */,
				6126CCE51E28591D000EA843 /* Main.storyboard in Resources */,
				6126CCF81E2861B6000EA843 /* Assets.xcassets in Resources */,
				6126CCF41E285DB0000EA843 /* iOS-Selfiegram-Images-master in Resources */,
			);
			runOnlyForDeploymentPostprocessing = 0;
		};
/* End PBXResourcesBuildPhase section */

/* Begin PBXSourcesBuildPhase section */
		6126CCD81E28591D000EA843 /* Sources */ = {
			isa = PBXSourcesBuildPhase;
			buildActionMask = 2147483647;
			files = (
				6126CCE21E28591D000EA843 /* ViewController.swift in Sources */,
				6126CCE01E28591D000EA843 /* AppDelegate.swift in Sources */,
			);
			runOnlyForDeploymentPostprocessing = 0;
		};
/* End PBXSourcesBuildPhase section */

/* Begin PBXVariantGroup section */
		6126CCE31E28591D000EA843 /* Main.storyboard */ = {
			isa = PBXVariantGroup;
			children = (
				6126CCE41E28591D000EA843 /* Base */,
			);
			name = Main.storyboard;
			sourceTree = "<group>";
		};
		6126CCE81E28591D000EA843 /* LaunchScreen.storyboard */ = {
			isa = PBXVariantGroup;
			children = (
				6126CCE91E28591D000EA843 /* Base */,
			);
			name = LaunchScreen.storyboard;
			sourceTree = "<group>";
		};
/* End PBXVariantGroup section */

/* Begin XCBuildConfiguration section */
		6126CCEC1E28591D000EA843 /* Debug */ = {
			isa = XCBuildConfiguration;
			buildSettings = {
				ALWAYS_SEARCH_USER_PATHS = NO;
				CLANG_ANALYZER_NONNULL = YES;
				CLANG_CXX_LANGUAGE_STANDARD = "gnu++0x";
				CLANG_CXX_LIBRARY = "libc++";
				CLANG_ENABLE_MODULES = YES;
				CLANG_ENABLE_OBJC_ARC = YES;
				CLANG_WARN_BOOL_CONVERSION = YES;
				CLANG_WARN_CONSTANT_CONVERSION = YES;
				CLANG_WARN_DIRECT_OBJC_ISA_USAGE = YES_ERROR;
				CLANG_WARN_DOCUMENTATION_COMMENTS = YES;
				CLANG_WARN_EMPTY_BODY = YES;
				CLANG_WARN_ENUM_CONVERSION = YES;
				CLANG_WARN_INFINITE_RECURSION = YES;
				CLANG_WARN_INT_CONVERSION = YES;
				CLANG_WARN_OBJC_ROOT_CLASS = YES_ERROR;
				CLANG_WARN_SUSPICIOUS_MOVE = YES;
				CLANG_WARN_UNREACHABLE_CODE = YES;
				CLANG_WARN__DUPLICATE_METHOD_MATCH = YES;
				"CODE_SIGN_IDENTITY[sdk=iphoneos*]" = "iPhone Developer";
				COPY_PHASE_STRIP = NO;
				DEBUG_INFORMATION_FORMAT = dwarf;
				ENABLE_STRICT_OBJC_MSGSEND = YES;
				ENABLE_TESTABILITY = YES;
				GCC_C_LANGUAGE_STANDARD = gnu99;
				GCC_DYNAMIC_NO_PIC = NO;
				GCC_NO_COMMON_BLOCKS = YES;
				GCC_OPTIMIZATION_LEVEL = 0;
				GCC_PREPROCESSOR_DEFINITIONS = (
					"DEBUG=1",
					"$(inherited)",
				);
				GCC_WARN_64_TO_32_BIT_CONVERSION = YES;
				GCC_WARN_ABOUT_RETURN_TYPE = YES_ERROR;
				GCC_WARN_UNDECLARED_SELECTOR = YES;
				GCC_WARN_UNINITIALIZED_AUTOS = YES_AGGRESSIVE;
				GCC_WARN_UNUSED_FUNCTION = YES;
				GCC_WARN_UNUSED_VARIABLE = YES;
				IPHONEOS_DEPLOYMENT_TARGET = 10.2;
				MTL_ENABLE_DEBUG_INFO = YES;
				ONLY_ACTIVE_ARCH = YES;
				SDKROOT = iphoneos;
				SWIFT_ACTIVE_COMPILATION_CONDITIONS = DEBUG;
				SWIFT_OPTIMIZATION_LEVEL = "-Onone";
			};
			name = Debug;
		};
		6126CCED1E28591D000EA843 /* Release */ = {
			isa = XCBuildConfiguration;
			buildSettings = {
				ALWAYS_SEARCH_USER_PATHS = NO;
				CLANG_ANALYZER_NONNULL = YES;
				CLANG_CXX_LANGUAGE_STANDARD = "gnu++0x";
				CLANG_CXX_LIBRARY = "libc++";
				CLANG_ENABLE_MODULES = YES;
				CLANG_ENABLE_OBJC_ARC = YES;
				CLANG_WARN_BOOL_CONVERSION = YES;
				CLANG_WARN_CONSTANT_CONVERSION = YES;
				CLANG_WARN_DIRECT_OBJC_ISA_USAGE = YES_ERROR;
				CLANG_WARN_DOCUMENTATION_COMMENTS = YES;
				CLANG_WARN_EMPTY_BODY = YES;
				CLANG_WARN_ENUM_CONVERSION = YES;
				CLANG_WARN_INFINITE_RECURSION = YES;
				CLANG_WARN_INT_CONVERSION = YES;
				CLANG_WARN_OBJC_ROOT_CLASS = YES_ERROR;
				CLANG_WARN_SUSPICIOUS_MOVE = YES;
				CLANG_WARN_UNREACHABLE_CODE = YES;
				CLANG_WARN__DUPLICATE_METHOD_MATCH = YES;
				"CODE_SIGN_IDENTITY[sdk=iphoneos*]" = "iPhone Developer";
				COPY_PHASE_STRIP = NO;
				DEBUG_INFORMATION_FORMAT = "dwarf-with-dsym";
				ENABLE_NS_ASSERTIONS = NO;
				ENABLE_STRICT_OBJC_MSGSEND = YES;
				GCC_C_LANGUAGE_STANDARD = gnu99;
				GCC_NO_COMMON_BLOCKS = YES;
				GCC_WARN_64_TO_32_BIT_CONVERSION = YES;
				GCC_WARN_ABOUT_RETURN_TYPE = YES_ERROR;
				GCC_WARN_UNDECLARED_SELECTOR = YES;
				GCC_WARN_UNINITIALIZED_AUTOS = YES_AGGRESSIVE;
				GCC_WARN_UNUSED_FUNCTION = YES;
				GCC_WARN_UNUSED_VARIABLE = YES;
				IPHONEOS_DEPLOYMENT_TARGET = 10.2;
				MTL_ENABLE_DEBUG_INFO = NO;
				SDKROOT = iphoneos;
				SWIFT_OPTIMIZATION_LEVEL = "-Owholemodule";
				VALIDATE_PRODUCT = YES;
			};
			name = Release;
		};
		6126CCEF1E28591D000EA843 /* Debug */ = {
			isa = XCBuildConfiguration;
			buildSettings = {
				ASSETCATALOG_COMPILER_APPICON_NAME = AppIcon;
				INFOPLIST_FILE = Selfiegram/Info.plist;
				LD_RUNPATH_SEARCH_PATHS = "$(inherited) @executable_path/Frameworks";
				PRODUCT_BUNDLE_IDENTIFIER = "Com.Ali-Ogston.Selfiegram";
				PRODUCT_NAME = "$(TARGET_NAME)";
				SWIFT_VERSION = 3.0;
			};
			name = Debug;
		};
		6126CCF01E28591D000EA843 /* Release */ = {
			isa = XCBuildConfiguration;
			buildSettings = {
				ASSETCATALOG_COMPILER_APPICON_NAME = AppIcon;
				INFOPLIST_FILE = Selfiegram/Info.plist;
				LD_RUNPATH_SEARCH_PATHS = "$(inherited) @executable_path/Frameworks";
				PRODUCT_BUNDLE_IDENTIFIER = "Com.Ali-Ogston.Selfiegram";
				PRODUCT_NAME = "$(TARGET_NAME)";
				SWIFT_VERSION = 3.0;
			};
			name = Release;
		};
/* End XCBuildConfiguration section */

/* Begin XCConfigurationList section */
		6126CCD71E28591D000EA843 /* Build configuration list for PBXProject "Selfiegram" */ = {
			isa = XCConfigurationList;
			buildConfigurations = (
				6126CCEC1E28591D000EA843 /* Debug */,
				6126CCED1E28591D000EA843 /* Release */,
			);
			defaultConfigurationIsVisible = 0;
			defaultConfigurationName = Release;
		};
		6126CCEE1E28591D000EA843 /* Build configuration list for PBXNativeTarget "Selfiegram" */ = {
			isa = XCConfigurationList;
			buildConfigurations = (
				6126CCEF1E28591D000EA843 /* Debug */,
				6126CCF01E28591D000EA843 /* Release */,
			);
			defaultConfigurationIsVisible = 0;
		};
/* End XCConfigurationList section */
	};
	rootObject = 6126CCD41E28591D000EA843 /* Project object */;
}
